# This file is automatically @generated by Cargo.
# It is not intended for manual editing.
version = 3

[[package]]
name = "anyhow"
version = "1.0.44"
source = "registry+https://github.com/rust-lang/crates.io-index"
checksum = "61604a8f862e1d5c3229fdd78f8b02c68dcf73a4c4b05fd636d12240aaa242c1"

[[package]]
name = "errors"
version = "0.1.0"
dependencies = [
 "anyhow",
]

[[package]]
name = "iterators"
version = "0.1.0"

[[package]]
name = "options-and-results"
version = "0.1.0"

[[package]]
name = "ownership-and-borrowing"
version = "0.1.0"

[[package]]
name = "strings"
version = "0.1.0"
